
Microsoft Visual Studio Solution File, Format Version 12.00
# Visual Studio 15
VisualStudioVersion = 15.0.28307.271
MinimumVisualStudioVersion = 10.0.40219.1
Project("{FAE04EC0-301F-11D3-BF4B-00C04F79EFBC}") = "WebApplication1", "WebApplication1\WebApplication1.csproj", "{A814EF65-A4A4-41AE-8A3E-C46C1F77F418}"
EndProject
Global
	GlobalSection(SolutionConfigurationPlatforms) = preSolution
		Debug|Any CPU = Debug|Any CPU
		Release|Any CPU = Release|Any CPU
	EndGlobalSection
	GlobalSection(ProjectConfigurationPlatforms) = postSolution
		{A814EF65-A4A4-41AE-8A3E-C46C1F77F418}.Debug|Any CPU.ActiveCfg = Debug|Any CPU
		{A814EF65-A4A4-41AE-8A3E-C46C1F77F418}.Debug|Any CPU.Build.0 = Debug|Any CPU
		{A814EF65-A4A4-41AE-8A3E-C46C1F77F418}.Release|Any CPU.ActiveCfg = Release|Any CPU
		{A814EF65-A4A4-41AE-8A3E-C46C1F77F418}.Release|Any CPU.Build.0 = Release|Any CPU
	EndGlobalSection
	GlobalSection(SolutionProperties) = preSolution
		HideSolutionNode = FALSE
	EndGlobalSection
	GlobalSection(ExtensibilityGlobals) = postSolution
		SolutionGuid = {07C3AD0F-0401-428E-ACBF-0E01E93EE242}
	EndGlobalSection
EndGlobal
